{
  "version": 4,
  "terraform_version": "1.4.6",
  "serial": 86,
  "lineage": "3bd28483-e83b-a28f-4e5b-56f4512acc3c",
  "outputs": {},
  "resources": [
    {
      "mode": "data",
      "type": "archive_file",
      "name": "lambda_index_function",
      "provider": "provider[\"registry.terraform.io/hashicorp/archive\"]",
      "instances": [
        {
          "schema_version": 0,
          "attributes": {
            "excludes": null,
            "id": "e97261603b3b943914532bfc86f51384f26bf8ea",
            "output_base64sha256": "sDTXkiT7+WMjeYpibpluPAQjO8WRU9/OMRPIzrKHYO0=",
            "output_file_mode": null,
            "output_md5": "46ab53994b32466399c2093275f2b954",
            "output_path": "./lambda.zip",
            "output_sha": "e97261603b3b943914532bfc86f51384f26bf8ea",
            "output_size": 26277,
            "source": [],
            "source_content": null,
            "source_content_filename": null,
            "source_dir": "./../lambdaFunction",
            "source_file": null,
            "type": "zip"
          },
          "sensitive_attributes": []
        }
      ]
    },
    {
      "mode": "data",
      "type": "aws_iam_policy_document",
      "name": "s3_policy_doc",
      "provider": "provider[\"registry.terraform.io/hashicorp/aws\"]",
      "instances": [
        {
          "schema_version": 0,
          "attributes": {
            "id": "1646162838",
            "json": "{\n  \"Version\": \"2012-10-17\",\n  \"Statement\": [\n    {\n      \"Effect\": \"Allow\",\n      \"Action\": [\n        \"s3:PutObject\",\n        \"s3:GetObject\",\n        \"s3:*\",\n        \"dynamodb:Query\",\n        \"dynamodb:*\"\n      ],\n      \"Resource\": [\n        \"arn:aws:s3:::become-like-christ-lambda/*\",\n        \"arn:aws:s3:::become-like-christ-lambda\",\n        \"arn:aws:dynamodb:us-east-1:688567023809:table/blc.assessments/*\",\n        \"arn:aws:dynamodb:us-east-1:688567023809:table/blc.assessments\"\n      ]\n    }\n  ]\n}",
            "override_policy_documents": null,
            "policy_id": null,
            "source_policy_documents": null,
            "statement": [
              {
                "actions": [
                  "dynamodb:*",
                  "dynamodb:Query",
                  "s3:*",
                  "s3:GetObject",
                  "s3:PutObject"
                ],
                "condition": [],
                "effect": "Allow",
                "not_actions": [],
                "not_principals": [],
                "not_resources": [],
                "principals": [],
                "resources": [
                  "arn:aws:dynamodb:us-east-1:688567023809:table/blc.assessments",
                  "arn:aws:dynamodb:us-east-1:688567023809:table/blc.assessments/*",
                  "arn:aws:s3:::become-like-christ-lambda",
                  "arn:aws:s3:::become-like-christ-lambda/*"
                ],
                "sid": ""
              }
            ],
            "version": "2012-10-17"
          },
          "sensitive_attributes": []
        }
      ]
    },
    {
      "mode": "managed",
      "type": "aws_apigatewayv2_api",
      "name": "lambda",
      "provider": "provider[\"registry.terraform.io/hashicorp/aws\"]",
      "instances": [
        {
          "schema_version": 0,
          "attributes": {
            "api_endpoint": "https://nlexfd4mqc.execute-api.us-east-1.amazonaws.com",
            "api_key_selection_expression": "$request.header.x-api-key",
            "arn": "arn:aws:apigateway:us-east-1::/apis/nlexfd4mqc",
            "body": null,
            "cors_configuration": [
              {
                "allow_credentials": false,
                "allow_headers": [
                  "authorization",
                  "content-type"
                ],
                "allow_methods": [
                  "DELETE",
                  "GET",
                  "POST",
                  "PUT"
                ],
                "allow_origins": [
                  "http://localhost:3000",
                  "https://becomelikechrist.com"
                ],
                "expose_headers": [],
                "max_age": 300
              }
            ],
            "credentials_arn": null,
            "description": "",
            "disable_execute_api_endpoint": false,
            "execution_arn": "arn:aws:execute-api:us-east-1:688567023809:nlexfd4mqc",
            "fail_on_warnings": null,
            "id": "nlexfd4mqc",
            "name": "BLC_BE",
            "protocol_type": "HTTP",
            "route_key": null,
            "route_selection_expression": "$request.method $request.path",
            "tags": {
              "project": "BLC"
            },
            "tags_all": {
              "project": "BLC"
            },
            "target": null,
            "version": ""
          },
          "sensitive_attributes": [],
          "private": "bnVsbA=="
        }
      ]
    },
    {
      "mode": "managed",
      "type": "aws_apigatewayv2_integration",
      "name": "main_lambda",
      "provider": "provider[\"registry.terraform.io/hashicorp/aws\"]",
      "instances": [
        {
          "schema_version": 0,
          "attributes": {
            "api_id": "nlexfd4mqc",
            "connection_id": "",
            "connection_type": "INTERNET",
            "content_handling_strategy": "",
            "credentials_arn": "",
            "description": "",
            "id": "hf9k0yq",
            "integration_method": "POST",
            "integration_response_selection_expression": "",
            "integration_subtype": "",
            "integration_type": "AWS_PROXY",
            "integration_uri": "arn:aws:apigateway:us-east-1:lambda:path/2015-03-31/functions/arn:aws:lambda:us-east-1:688567023809:function:BLC_BE/invocations",
            "passthrough_behavior": "",
            "payload_format_version": "1.0",
            "request_parameters": {},
            "request_templates": {},
            "response_parameters": [],
            "template_selection_expression": "",
            "timeout_milliseconds": 30000,
            "tls_config": []
          },
          "sensitive_attributes": [],
          "private": "bnVsbA==",
          "dependencies": [
            "aws_apigatewayv2_api.lambda",
            "aws_dynamodb_table.main_dynamo",
            "aws_iam_role.lambda_exec",
            "aws_lambda_function.main_lambda",
            "aws_lambda_layer_version.lambda_basics_layer",
            "aws_s3_bucket.lambda_bucket",
            "aws_s3_object.lambda_index_function",
            "data.archive_file.lambda_index_function"
          ]
        }
      ]
    },
    {
      "mode": "managed",
      "type": "aws_apigatewayv2_route",
      "name": "route_all_assessements",
      "provider": "provider[\"registry.terraform.io/hashicorp/aws\"]",
      "instances": [
        {
          "schema_version": 0,
          "attributes": {
            "api_id": "nlexfd4mqc",
            "api_key_required": false,
            "authorization_scopes": [],
            "authorization_type": "NONE",
            "authorizer_id": "",
            "id": "jo8zt25",
            "model_selection_expression": "",
            "operation_name": "",
            "request_models": {},
            "request_parameter": [],
            "route_key": "GET /assessments",
            "route_response_selection_expression": "",
            "target": "integrations/hf9k0yq"
          },
          "sensitive_attributes": [],
          "private": "bnVsbA==",
          "dependencies": [
            "aws_apigatewayv2_api.lambda",
            "aws_apigatewayv2_integration.main_lambda",
            "aws_dynamodb_table.main_dynamo",
            "aws_iam_role.lambda_exec",
            "aws_lambda_function.main_lambda",
            "aws_lambda_layer_version.lambda_basics_layer",
            "aws_s3_bucket.lambda_bucket",
            "aws_s3_object.lambda_index_function",
            "data.archive_file.lambda_index_function"
          ]
        }
      ]
    },
    {
      "mode": "managed",
      "type": "aws_apigatewayv2_route",
      "name": "route_create_attribute_detail",
      "provider": "provider[\"registry.terraform.io/hashicorp/aws\"]",
      "instances": [
        {
          "schema_version": 0,
          "attributes": {
            "api_id": "nlexfd4mqc",
            "api_key_required": false,
            "authorization_scopes": [],
            "authorization_type": "NONE",
            "authorizer_id": "",
            "id": "47ee9h4",
            "model_selection_expression": "",
            "operation_name": "",
            "request_models": {},
            "request_parameter": [],
            "route_key": "POST /attribute/{assessmentID}/{attributeType}",
            "route_response_selection_expression": "",
            "target": "integrations/hf9k0yq"
          },
          "sensitive_attributes": [],
          "private": "bnVsbA==",
          "dependencies": [
            "aws_apigatewayv2_api.lambda",
            "aws_apigatewayv2_integration.main_lambda",
            "aws_dynamodb_table.main_dynamo",
            "aws_iam_role.lambda_exec",
            "aws_lambda_function.main_lambda",
            "aws_lambda_layer_version.lambda_basics_layer",
            "aws_s3_bucket.lambda_bucket",
            "aws_s3_object.lambda_index_function",
            "data.archive_file.lambda_index_function"
          ]
        }
      ]
    },
    {
      "mode": "managed",
      "type": "aws_apigatewayv2_route",
      "name": "route_error",
      "provider": "provider[\"registry.terraform.io/hashicorp/aws\"]",
      "instances": [
        {
          "schema_version": 0,
          "attributes": {
            "api_id": "nlexfd4mqc",
            "api_key_required": false,
            "authorization_scopes": [],
            "authorization_type": "NONE",
            "authorizer_id": "",
            "id": "xnvd2wn",
            "model_selection_expression": "",
            "operation_name": "",
            "request_models": {},
            "request_parameter": [],
            "route_key": "GET /error",
            "route_response_selection_expression": "",
            "target": "integrations/hf9k0yq"
          },
          "sensitive_attributes": [],
          "private": "bnVsbA==",
          "dependencies": [
            "aws_apigatewayv2_api.lambda",
            "aws_apigatewayv2_integration.main_lambda",
            "aws_dynamodb_table.main_dynamo",
            "aws_iam_role.lambda_exec",
            "aws_lambda_function.main_lambda",
            "aws_lambda_layer_version.lambda_basics_layer",
            "aws_s3_bucket.lambda_bucket",
            "aws_s3_object.lambda_index_function",
            "data.archive_file.lambda_index_function"
          ]
        }
      ]
    },
    {
      "mode": "managed",
      "type": "aws_apigatewayv2_route",
      "name": "route_get_traits",
      "provider": "provider[\"registry.terraform.io/hashicorp/aws\"]",
      "instances": [
        {
          "schema_version": 0,
          "attributes": {
            "api_id": "nlexfd4mqc",
            "api_key_required": false,
            "authorization_scopes": null,
            "authorization_type": "NONE",
            "authorizer_id": "",
            "id": "4vj70w2",
            "model_selection_expression": "",
            "operation_name": "",
            "request_models": null,
            "request_parameter": [],
            "route_key": "GET /traits",
            "route_response_selection_expression": "",
            "target": "integrations/hf9k0yq"
          },
          "sensitive_attributes": [],
          "private": "bnVsbA==",
          "dependencies": [
            "aws_apigatewayv2_api.lambda",
            "aws_apigatewayv2_integration.main_lambda"
          ]
        }
      ]
    },
    {
      "mode": "managed",
      "type": "aws_apigatewayv2_route",
      "name": "route_new_assessements",
      "provider": "provider[\"registry.terraform.io/hashicorp/aws\"]",
      "instances": [
        {
          "schema_version": 0,
          "attributes": {
            "api_id": "nlexfd4mqc",
            "api_key_required": false,
            "authorization_scopes": [],
            "authorization_type": "NONE",
            "authorizer_id": "",
            "id": "avyk9u5",
            "model_selection_expression": "",
            "operation_name": "",
            "request_models": {},
            "request_parameter": [],
            "route_key": "POST /assessments",
            "route_response_selection_expression": "",
            "target": "integrations/hf9k0yq"
          },
          "sensitive_attributes": [],
          "private": "bnVsbA==",
          "dependencies": [
            "aws_apigatewayv2_api.lambda",
            "aws_apigatewayv2_integration.main_lambda",
            "aws_dynamodb_table.main_dynamo",
            "aws_iam_role.lambda_exec",
            "aws_lambda_function.main_lambda",
            "aws_lambda_layer_version.lambda_basics_layer",
            "aws_s3_bucket.lambda_bucket",
            "aws_s3_object.lambda_index_function",
            "data.archive_file.lambda_index_function"
          ]
        }
      ]
    },
    {
      "mode": "managed",
      "type": "aws_apigatewayv2_route",
      "name": "route_single_assessment",
      "provider": "provider[\"registry.terraform.io/hashicorp/aws\"]",
      "instances": [
        {
          "schema_version": 0,
          "attributes": {
            "api_id": "nlexfd4mqc",
            "api_key_required": false,
            "authorization_scopes": [],
            "authorization_type": "NONE",
            "authorizer_id": "",
            "id": "0hthp0s",
            "model_selection_expression": "",
            "operation_name": "",
            "request_models": {},
            "request_parameter": [],
            "route_key": "GET /assessments/{assessmentID}",
            "route_response_selection_expression": "",
            "target": "integrations/hf9k0yq"
          },
          "sensitive_attributes": [],
          "private": "bnVsbA==",
          "dependencies": [
            "aws_apigatewayv2_api.lambda",
            "aws_apigatewayv2_integration.main_lambda",
            "aws_dynamodb_table.main_dynamo",
            "aws_iam_role.lambda_exec",
            "aws_lambda_function.main_lambda",
            "aws_lambda_layer_version.lambda_basics_layer",
            "aws_s3_bucket.lambda_bucket",
            "aws_s3_object.lambda_index_function",
            "data.archive_file.lambda_index_function"
          ]
        }
      ]
    },
    {
      "mode": "managed",
      "type": "aws_apigatewayv2_route",
      "name": "route_status",
      "provider": "provider[\"registry.terraform.io/hashicorp/aws\"]",
      "instances": [
        {
          "schema_version": 0,
          "attributes": {
            "api_id": "nlexfd4mqc",
            "api_key_required": false,
            "authorization_scopes": [],
            "authorization_type": "NONE",
            "authorizer_id": "",
            "id": "1qtz386",
            "model_selection_expression": "",
            "operation_name": "",
            "request_models": {},
            "request_parameter": [],
            "route_key": "GET /status",
            "route_response_selection_expression": "",
            "target": "integrations/hf9k0yq"
          },
          "sensitive_attributes": [],
          "private": "bnVsbA==",
          "dependencies": [
            "aws_apigatewayv2_api.lambda",
            "aws_apigatewayv2_integration.main_lambda",
            "aws_dynamodb_table.main_dynamo",
            "aws_iam_role.lambda_exec",
            "aws_lambda_function.main_lambda",
            "aws_lambda_layer_version.lambda_basics_layer",
            "aws_s3_bucket.lambda_bucket",
            "aws_s3_object.lambda_index_function",
            "data.archive_file.lambda_index_function"
          ]
        }
      ]
    },
    {
      "mode": "managed",
      "type": "aws_apigatewayv2_stage",
      "name": "lambda",
      "provider": "provider[\"registry.terraform.io/hashicorp/aws\"]",
      "instances": [
        {
          "schema_version": 0,
          "attributes": {
            "access_log_settings": [
              {
                "destination_arn": "arn:aws:logs:us-east-1:688567023809:log-group:/aws/api_gw/BLC_BE",
                "format": "{\"httpMethod\":\"$context.httpMethod\",\"integrationErrorMessage\":\"$context.integrationErrorMessage\",\"protocol\":\"$context.protocol\",\"requestId\":\"$context.requestId\",\"requestTime\":\"$context.requestTime\",\"resourcePath\":\"$context.resourcePath\",\"responseLength\":\"$context.responseLength\",\"routeKey\":\"$context.routeKey\",\"sourceIp\":\"$context.identity.sourceIp\",\"status\":\"$context.status\"}"
              }
            ],
            "api_id": "nlexfd4mqc",
            "arn": "arn:aws:apigateway:us-east-1::/apis/nlexfd4mqc/stages/prod",
            "auto_deploy": true,
            "client_certificate_id": "",
            "default_route_settings": [
              {
                "data_trace_enabled": false,
                "detailed_metrics_enabled": false,
                "logging_level": "",
                "throttling_burst_limit": 0,
                "throttling_rate_limit": 0
              }
            ],
            "deployment_id": "viipr7",
            "description": "",
            "execution_arn": "arn:aws:execute-api:us-east-1:688567023809:nlexfd4mqc/prod",
            "id": "prod",
            "invoke_url": "https://nlexfd4mqc.execute-api.us-east-1.amazonaws.com/prod",
            "name": "prod",
            "route_settings": [],
            "stage_variables": {},
            "tags": {
              "project": "BLC"
            },
            "tags_all": {
              "project": "BLC"
            }
          },
          "sensitive_attributes": [],
          "private": "bnVsbA==",
          "dependencies": [
            "aws_apigatewayv2_api.lambda",
            "aws_cloudwatch_log_group.api_gw"
          ]
        }
      ]
    },
    {
      "mode": "managed",
      "type": "aws_cloudwatch_log_group",
      "name": "api_gw",
      "provider": "provider[\"registry.terraform.io/hashicorp/aws\"]",
      "instances": [
        {
          "schema_version": 0,
          "attributes": {
            "arn": "arn:aws:logs:us-east-1:688567023809:log-group:/aws/api_gw/BLC_BE",
            "id": "/aws/api_gw/BLC_BE",
            "kms_key_id": "",
            "name": "/aws/api_gw/BLC_BE",
            "name_prefix": "",
            "retention_in_days": 1,
            "skip_destroy": false,
            "tags": {},
            "tags_all": {}
          },
          "sensitive_attributes": [],
          "private": "bnVsbA==",
          "dependencies": [
            "aws_apigatewayv2_api.lambda"
          ]
        }
      ]
    },
    {
      "mode": "managed",
      "type": "aws_cloudwatch_log_group",
      "name": "main_lambda",
      "provider": "provider[\"registry.terraform.io/hashicorp/aws\"]",
      "instances": [
        {
          "schema_version": 0,
          "attributes": {
            "arn": "arn:aws:logs:us-east-1:688567023809:log-group:/aws/lambda/BLC_BE",
            "id": "/aws/lambda/BLC_BE",
            "kms_key_id": "",
            "name": "/aws/lambda/BLC_BE",
            "name_prefix": "",
            "retention_in_days": 1,
            "skip_destroy": false,
            "tags": {
              "project": "BLC"
            },
            "tags_all": {
              "project": "BLC"
            }
          },
          "sensitive_attributes": [],
          "private": "bnVsbA==",
          "dependencies": [
            "aws_dynamodb_table.main_dynamo",
            "aws_iam_role.lambda_exec",
            "aws_lambda_function.main_lambda",
            "aws_lambda_layer_version.lambda_basics_layer",
            "aws_s3_bucket.lambda_bucket",
            "aws_s3_object.lambda_index_function",
            "data.archive_file.lambda_index_function"
          ]
        }
      ]
    },
    {
      "mode": "managed",
      "type": "aws_dynamodb_table",
      "name": "main_dynamo",
      "provider": "provider[\"registry.terraform.io/hashicorp/aws\"]",
      "instances": [
        {
          "schema_version": 1,
          "attributes": {
            "arn": "arn:aws:dynamodb:us-east-1:688567023809:table/blc.assessments",
            "attribute": [
              {
                "name": "assessmentID",
                "type": "S"
              },
              {
                "name": "createdOn",
                "type": "N"
              },
              {
                "name": "typeID",
                "type": "S"
              },
              {
                "name": "userID",
                "type": "S"
              }
            ],
            "billing_mode": "PAY_PER_REQUEST",
            "deletion_protection_enabled": false,
            "global_secondary_index": [
              {
                "hash_key": "userID",
                "name": "createdOn_idx",
                "non_key_attributes": [],
                "projection_type": "ALL",
                "range_key": "createdOn",
                "read_capacity": 0,
                "write_capacity": 0
              },
              {
                "hash_key": "userID",
                "name": "userID_idx",
                "non_key_attributes": [],
                "projection_type": "ALL",
                "range_key": "typeID",
                "read_capacity": 0,
                "write_capacity": 0
              }
            ],
            "hash_key": "assessmentID",
            "id": "blc.assessments",
            "local_secondary_index": [],
            "name": "blc.assessments",
            "point_in_time_recovery": [
              {
                "enabled": false
              }
            ],
            "range_key": "typeID",
            "read_capacity": 0,
            "replica": [],
            "restore_date_time": null,
            "restore_source_name": null,
            "restore_to_latest_time": null,
            "server_side_encryption": [
              {
                "enabled": true,
                "kms_key_arn": ""
              }
            ],
            "stream_arn": "",
            "stream_enabled": false,
            "stream_label": "",
            "stream_view_type": "",
            "table_class": "STANDARD",
            "tags": {
              "project": "BLC"
            },
            "tags_all": {
              "project": "BLC"
            },
            "timeouts": null,
            "ttl": [
              {
                "attribute_name": "",
                "enabled": false
              }
            ],
            "write_capacity": 0
          },
          "sensitive_attributes": [],
          "private": "eyJlMmJmYjczMC1lY2FhLTExZTYtOGY4OC0zNDM2M2JjN2M0YzAiOnsiY3JlYXRlIjoxODAwMDAwMDAwMDAwLCJkZWxldGUiOjYwMDAwMDAwMDAwMCwidXBkYXRlIjozNjAwMDAwMDAwMDAwfSwic2NoZW1hX3ZlcnNpb24iOiIxIn0="
        }
      ]
    },
    {
      "mode": "managed",
      "type": "aws_iam_role",
      "name": "lambda_exec",
      "provider": "provider[\"registry.terraform.io/hashicorp/aws\"]",
      "instances": [
        {
          "schema_version": 0,
          "attributes": {
            "arn": "arn:aws:iam::688567023809:role/BLC_BE_lambda",
            "assume_role_policy": "{\"Statement\":[{\"Action\":\"sts:AssumeRole\",\"Effect\":\"Allow\",\"Principal\":{\"Service\":\"lambda.amazonaws.com\"},\"Sid\":\"\"}],\"Version\":\"2012-10-17\"}",
            "create_date": "2023-10-09T20:01:25Z",
            "description": "",
            "force_detach_policies": false,
            "id": "BLC_BE_lambda",
            "inline_policy": [
              {
                "name": "policy",
                "policy": "{\"Version\":\"2012-10-17\",\"Statement\":[{\"Action\":[\"s3:PutObject\",\"s3:GetObject\",\"s3:*\",\"dynamodb:Query\",\"dynamodb:*\"],\"Effect\":\"Allow\",\"Resource\":[\"arn:aws:s3:::become-like-christ-lambda/*\",\"arn:aws:s3:::become-like-christ-lambda\",\"arn:aws:dynamodb:us-east-1:688567023809:table/blc.assessments/*\",\"arn:aws:dynamodb:us-east-1:688567023809:table/blc.assessments\"]}]}"
              }
            ],
            "managed_policy_arns": [
              "arn:aws:iam::aws:policy/service-role/AWSLambdaBasicExecutionRole"
            ],
            "max_session_duration": 3600,
            "name": "BLC_BE_lambda",
            "name_prefix": "",
            "path": "/",
            "permissions_boundary": null,
            "role_last_used": [
              {
                "last_used_date": "2023-10-21T21:03:17Z",
                "region": "us-east-1"
              }
            ],
            "tags": {},
            "tags_all": {},
            "unique_id": "AROA2AUOK7DA4VRTLZT6I"
          },
          "sensitive_attributes": [],
          "private": "bnVsbA=="
        }
      ]
    },
    {
      "mode": "managed",
      "type": "aws_iam_role_policy",
      "name": "policy",
      "provider": "provider[\"registry.terraform.io/hashicorp/aws\"]",
      "instances": [
        {
          "schema_version": 0,
          "attributes": {
            "id": "BLC_BE_lambda:policy",
            "name": "policy",
            "name_prefix": null,
            "policy": "{\"Version\":\"2012-10-17\",\"Statement\":[{\"Action\":[\"s3:PutObject\",\"s3:GetObject\",\"s3:*\",\"dynamodb:Query\",\"dynamodb:*\"],\"Effect\":\"Allow\",\"Resource\":[\"arn:aws:s3:::become-like-christ-lambda/*\",\"arn:aws:s3:::become-like-christ-lambda\",\"arn:aws:dynamodb:us-east-1:688567023809:table/blc.assessments/*\",\"arn:aws:dynamodb:us-east-1:688567023809:table/blc.assessments\"]}]}",
            "role": "BLC_BE_lambda"
          },
          "sensitive_attributes": [],
          "private": "bnVsbA==",
          "dependencies": [
            "aws_dynamodb_table.main_dynamo",
            "aws_iam_role.lambda_exec",
            "aws_s3_bucket.lambda_bucket",
            "data.aws_iam_policy_document.s3_policy_doc"
          ]
        }
      ]
    },
    {
      "mode": "managed",
      "type": "aws_iam_role_policy_attachment",
      "name": "lambda_policy",
      "provider": "provider[\"registry.terraform.io/hashicorp/aws\"]",
      "instances": [
        {
          "schema_version": 0,
          "attributes": {
            "id": "BLC_BE_lambda-20231009200125730600000001",
            "policy_arn": "arn:aws:iam::aws:policy/service-role/AWSLambdaBasicExecutionRole",
            "role": "BLC_BE_lambda"
          },
          "sensitive_attributes": [],
          "private": "bnVsbA==",
          "dependencies": [
            "aws_iam_role.lambda_exec"
          ]
        }
      ]
    },
    {
      "mode": "managed",
      "type": "aws_lambda_function",
      "name": "main_lambda",
      "provider": "provider[\"registry.terraform.io/hashicorp/aws\"]",
      "instances": [
        {
          "schema_version": 0,
          "attributes": {
            "architectures": [
              "x86_64"
            ],
            "arn": "arn:aws:lambda:us-east-1:688567023809:function:BLC_BE",
            "code_signing_config_arn": "",
            "dead_letter_config": [],
            "description": "",
            "environment": [
              {
                "variables": {
                  "AUTH0_API_AUDIENCE": "https://571cp2h4ef.execute-api.us-east-1.amazonaws.com/prod",
                  "AUTH0_JWKS": "https://dev-cdy4xvtqdlpi2327.us.auth0.com/.well-known/jwks.json",
                  "DYNAMO_TABLE": "blc.assessments",
                  "S3_BUCKET_NAME": "become-like-christ-lambda"
                }
              }
            ],
            "ephemeral_storage": [
              {
                "size": 512
              }
            ],
            "file_system_config": [],
            "filename": null,
            "function_name": "BLC_BE",
            "handler": "index.handler",
            "id": "BLC_BE",
            "image_config": [],
            "image_uri": "",
            "invoke_arn": "arn:aws:apigateway:us-east-1:lambda:path/2015-03-31/functions/arn:aws:lambda:us-east-1:688567023809:function:BLC_BE/invocations",
            "kms_key_arn": "",
            "last_modified": "2023-10-24T02:20:00.000+0000",
            "layers": [
              "arn:aws:lambda:us-east-1:688567023809:layer:lambda_basics:2"
            ],
            "memory_size": 128,
            "package_type": "Zip",
            "publish": false,
            "qualified_arn": "arn:aws:lambda:us-east-1:688567023809:function:BLC_BE:$LATEST",
            "qualified_invoke_arn": "arn:aws:apigateway:us-east-1:lambda:path/2015-03-31/functions/arn:aws:lambda:us-east-1:688567023809:function:BLC_BE:$LATEST/invocations",
            "replace_security_groups_on_destroy": null,
            "replacement_security_group_ids": null,
            "reserved_concurrent_executions": -1,
            "role": "arn:aws:iam::688567023809:role/BLC_BE_lambda",
            "runtime": "nodejs18.x",
            "s3_bucket": "become-like-christ-lambda",
            "s3_key": "lambda.zip",
            "s3_object_version": null,
            "signing_job_arn": "",
            "signing_profile_version_arn": "",
            "skip_destroy": false,
            "snap_start": [],
            "source_code_hash": "sDTXkiT7+WMjeYpibpluPAQjO8WRU9/OMRPIzrKHYO0=",
            "source_code_size": 26277,
            "tags": {
              "project": "BLC"
            },
            "tags_all": {
              "project": "BLC"
            },
            "timeout": 30,
            "timeouts": null,
            "tracing_config": [
              {
                "mode": "PassThrough"
              }
            ],
            "version": "$LATEST",
            "vpc_config": []
          },
          "sensitive_attributes": [],
          "private": "eyJlMmJmYjczMC1lY2FhLTExZTYtOGY4OC0zNDM2M2JjN2M0YzAiOnsiY3JlYXRlIjo2MDAwMDAwMDAwMDAsImRlbGV0ZSI6NjAwMDAwMDAwMDAwLCJ1cGRhdGUiOjYwMDAwMDAwMDAwMH19",
          "dependencies": [
            "aws_dynamodb_table.main_dynamo",
            "aws_iam_role.lambda_exec",
            "aws_lambda_layer_version.lambda_basics_layer",
            "aws_s3_bucket.lambda_bucket",
            "aws_s3_object.lambda_index_function",
            "data.archive_file.lambda_index_function"
          ]
        }
      ]
    },
    {
      "mode": "managed",
      "type": "aws_lambda_layer_version",
      "name": "lambda_basics_layer",
      "provider": "provider[\"registry.terraform.io/hashicorp/aws\"]",
      "instances": [
        {
          "schema_version": 0,
          "attributes": {
            "arn": "arn:aws:lambda:us-east-1:688567023809:layer:lambda_basics:2",
            "compatible_architectures": [],
            "compatible_runtimes": [
              "nodejs18.x"
            ],
            "created_date": "2023-10-11T22:09:42.274+0000",
            "description": "",
            "filename": "./../layers/lambdaBasics.zip",
            "id": "arn:aws:lambda:us-east-1:688567023809:layer:lambda_basics:2",
            "layer_arn": "arn:aws:lambda:us-east-1:688567023809:layer:lambda_basics",
            "layer_name": "lambda_basics",
            "license_info": "",
            "s3_bucket": null,
            "s3_key": null,
            "s3_object_version": null,
            "signing_job_arn": "",
            "signing_profile_version_arn": "",
            "skip_destroy": false,
            "source_code_hash": "xh99FcsMgA7koco3MYmyD2eXbO8fH2kiUpINZwRAO44=",
            "source_code_size": 5306026,
            "version": "2"
          },
          "sensitive_attributes": [],
          "private": "bnVsbA=="
        }
      ]
    },
    {
      "mode": "managed",
      "type": "aws_lambda_permission",
      "name": "api_gw",
      "provider": "provider[\"registry.terraform.io/hashicorp/aws\"]",
      "instances": [
        {
          "schema_version": 0,
          "attributes": {
            "action": "lambda:InvokeFunction",
            "event_source_token": null,
            "function_name": "BLC_BE",
            "function_url_auth_type": null,
            "id": "AllowExecutionFromAPIGateway",
            "principal": "apigateway.amazonaws.com",
            "principal_org_id": null,
            "qualifier": "",
            "source_account": null,
            "source_arn": "arn:aws:execute-api:us-east-1:688567023809:nlexfd4mqc/*/*",
            "statement_id": "AllowExecutionFromAPIGateway",
            "statement_id_prefix": ""
          },
          "sensitive_attributes": [],
          "private": "bnVsbA==",
          "dependencies": [
            "aws_apigatewayv2_api.lambda",
            "aws_dynamodb_table.main_dynamo",
            "aws_iam_role.lambda_exec",
            "aws_lambda_function.main_lambda",
            "aws_lambda_layer_version.lambda_basics_layer",
            "aws_s3_bucket.lambda_bucket",
            "aws_s3_object.lambda_index_function",
            "data.archive_file.lambda_index_function"
          ]
        }
      ]
    },
    {
      "mode": "managed",
      "type": "aws_s3_bucket",
      "name": "lambda_bucket",
      "provider": "provider[\"registry.terraform.io/hashicorp/aws\"]",
      "instances": [
        {
          "schema_version": 0,
          "attributes": {
            "acceleration_status": "",
            "acl": null,
            "arn": "arn:aws:s3:::become-like-christ-lambda",
            "bucket": "become-like-christ-lambda",
            "bucket_domain_name": "become-like-christ-lambda.s3.amazonaws.com",
            "bucket_prefix": "",
            "bucket_regional_domain_name": "become-like-christ-lambda.s3.us-east-1.amazonaws.com",
            "cors_rule": [],
            "force_destroy": false,
            "grant": [
              {
                "id": "0428ff33ef4ee8e390bcc5e67c131c0b82511aa761e86a5901454f07a670ba3c",
                "permissions": [
                  "FULL_CONTROL"
                ],
                "type": "CanonicalUser",
                "uri": ""
              }
            ],
            "hosted_zone_id": "Z3AQBSTGFYJSTF",
            "id": "become-like-christ-lambda",
            "lifecycle_rule": [],
            "logging": [],
            "object_lock_configuration": [],
            "object_lock_enabled": false,
            "policy": "",
            "region": "us-east-1",
            "replication_configuration": [],
            "request_payer": "BucketOwner",
            "server_side_encryption_configuration": [
              {
                "rule": [
                  {
                    "apply_server_side_encryption_by_default": [
                      {
                        "kms_master_key_id": "",
                        "sse_algorithm": "AES256"
                      }
                    ],
                    "bucket_key_enabled": false
                  }
                ]
              }
            ],
            "tags": {
              "project": "BLC"
            },
            "tags_all": {
              "project": "BLC"
            },
            "timeouts": null,
            "versioning": [
              {
                "enabled": false,
                "mfa_delete": false
              }
            ],
            "website": [],
            "website_domain": null,
            "website_endpoint": null
          },
          "sensitive_attributes": [],
          "private": "eyJlMmJmYjczMC1lY2FhLTExZTYtOGY4OC0zNDM2M2JjN2M0YzAiOnsiY3JlYXRlIjoxMjAwMDAwMDAwMDAwLCJkZWxldGUiOjM2MDAwMDAwMDAwMDAsInJlYWQiOjEyMDAwMDAwMDAwMDAsInVwZGF0ZSI6MTIwMDAwMDAwMDAwMH19"
        }
      ]
    },
    {
      "mode": "managed",
      "type": "aws_s3_bucket_acl",
      "name": "bucket_acl",
      "provider": "provider[\"registry.terraform.io/hashicorp/aws\"]",
      "instances": [
        {
          "schema_version": 0,
          "attributes": {
            "access_control_policy": [
              {
                "grant": [
                  {
                    "grantee": [
                      {
                        "display_name": "kevin",
                        "email_address": "",
                        "id": "0428ff33ef4ee8e390bcc5e67c131c0b82511aa761e86a5901454f07a670ba3c",
                        "type": "CanonicalUser",
                        "uri": ""
                      }
                    ],
                    "permission": "FULL_CONTROL"
                  }
                ],
                "owner": [
                  {
                    "display_name": "kevin",
                    "id": "0428ff33ef4ee8e390bcc5e67c131c0b82511aa761e86a5901454f07a670ba3c"
                  }
                ]
              }
            ],
            "acl": "private",
            "bucket": "become-like-christ-lambda",
            "expected_bucket_owner": "",
            "id": "become-like-christ-lambda,private"
          },
          "sensitive_attributes": [],
          "private": "bnVsbA==",
          "dependencies": [
            "aws_s3_bucket.lambda_bucket",
            "aws_s3_bucket_ownership_controls.lambda_bucket_controls"
          ]
        }
      ]
    },
    {
      "mode": "managed",
      "type": "aws_s3_bucket_ownership_controls",
      "name": "lambda_bucket_controls",
      "provider": "provider[\"registry.terraform.io/hashicorp/aws\"]",
      "instances": [
        {
          "schema_version": 0,
          "attributes": {
            "bucket": "become-like-christ-lambda",
            "id": "become-like-christ-lambda",
            "rule": [
              {
                "object_ownership": "BucketOwnerPreferred"
              }
            ]
          },
          "sensitive_attributes": [],
          "private": "bnVsbA==",
          "dependencies": [
            "aws_s3_bucket.lambda_bucket"
          ]
        }
      ]
    },
    {
      "mode": "managed",
      "type": "aws_s3_object",
      "name": "lambda_index_function",
      "provider": "provider[\"registry.terraform.io/hashicorp/aws\"]",
      "instances": [
        {
          "schema_version": 0,
          "attributes": {
            "acl": null,
            "bucket": "become-like-christ-lambda",
            "bucket_key_enabled": false,
            "cache_control": "",
            "content": null,
            "content_base64": null,
            "content_disposition": "",
            "content_encoding": "",
            "content_language": "",
            "content_type": "binary/octet-stream",
            "etag": "46ab53994b32466399c2093275f2b954",
            "force_destroy": false,
            "id": "lambda.zip",
            "key": "lambda.zip",
            "kms_key_id": null,
            "metadata": {},
            "object_lock_legal_hold_status": "",
            "object_lock_mode": "",
            "object_lock_retain_until_date": "",
            "server_side_encryption": "AES256",
            "source": "./lambda.zip",
            "source_hash": null,
            "storage_class": "STANDARD",
            "tags": {},
            "tags_all": {},
            "version_id": "",
            "website_redirect": ""
          },
          "sensitive_attributes": [],
          "private": "bnVsbA==",
          "dependencies": [
            "aws_s3_bucket.lambda_bucket",
            "data.archive_file.lambda_index_function"
          ]
        }
      ]
    }
  ],
  "check_results": null
}
